# THIS IS AN AUTOGENERATED FILE. DO NOT EDIT THIS FILE DIRECTLY.
# yarn lockfile v1


dayjs@^1.10.8:
  version "1.10.8"
  resolved "https://registry.yarnpkg.com/dayjs/-/dayjs-1.10.8.tgz#267df4bc6276fcb33c04a6735287e3f429abec41"
  integrity sha512-wbNwDfBHHur9UOzNUjeKUOJ0fCb0a52Wx0xInmQ7Y8FstyajiV1NmK1e00cxsr9YrE9r7yAChE0VvpuY5Rnlow==
